
Microsoft Visual Studio Solution File, Format Version 12.00
# Visual Studio Version 17
VisualStudioVersion = 17.8.34511.84
MinimumVisualStudioVersion = 10.0.40219.1
Project("{FAE04EC0-301F-11D3-BF4B-00C04F79EFBC}") = "DotNet7.RealTimeChartMvcApp", "DotNet7.RealTimeChartMvcApp\DotNet7.RealTimeChartMvcApp.csproj", "{7E175A68-1D91-452C-9553-04844CAF8B61}"
EndProject
Global
	GlobalSection(SolutionConfigurationPlatforms) = preSolution
		Debug|Any CPU = Debug|Any CPU
		Release|Any CPU = Release|Any CPU
	EndGlobalSection
	GlobalSection(ProjectConfigurationPlatforms) = postSolution
		{7E175A68-1D91-452C-9553-04844CAF8B61}.Debug|Any CPU.ActiveCfg = Debug|Any CPU
		{7E175A68-1D91-452C-9553-04844CAF8B61}.Debug|Any CPU.Build.0 = Debug|Any CPU
		{7E175A68-1D91-452C-9553-04844CAF8B61}.Release|Any CPU.ActiveCfg = Release|Any CPU
		{7E175A68-1D91-452C-9553-04844CAF8B61}.Release|Any CPU.Build.0 = Release|Any CPU
	EndGlobalSection
	GlobalSection(SolutionProperties) = preSolution
		HideSolutionNode = FALSE
	EndGlobalSection
	GlobalSection(ExtensibilityGlobals) = postSolution
		SolutionGuid = {828C6CA4-F90E-48EF-944C-C73E71C08BD4}
	EndGlobalSection
EndGlobal
